
Microsoft Visual Studio Solution File, Format Version 12.00
# Visual Studio Version 16
VisualStudioVersion = 16.0.30907.101
MinimumVisualStudioVersion = 10.0.40219.1
Project("{FAE04EC0-301F-11D3-BF4B-00C04F79EFBC}") = "EAD_CA_APP", "EAD_CA_APP.csproj", "{61DDFD4C-6ECB-411B-A736-503F012866EE}"
EndProject
Global
	GlobalSection(SolutionConfigurationPlatforms) = preSolution
		Debug|Any CPU = Debug|Any CPU
		Release|Any CPU = Release|Any CPU
	EndGlobalSection
	GlobalSection(ProjectConfigurationPlatforms) = postSolution
		{61DDFD4C-6ECB-411B-A736-503F012866EE}.Debug|Any CPU.ActiveCfg = Debug|Any CPU
		{61DDFD4C-6ECB-411B-A736-503F012866EE}.Debug|Any CPU.Build.0 = Debug|Any CPU
		{61DDFD4C-6ECB-411B-A736-503F012866EE}.Debug|Any CPU.Deploy.0 = Debug|Any CPU
		{61DDFD4C-6ECB-411B-A736-503F012866EE}.Release|Any CPU.ActiveCfg = Release|Any CPU
		{61DDFD4C-6ECB-411B-A736-503F012866EE}.Release|Any CPU.Build.0 = Release|Any CPU
		{61DDFD4C-6ECB-411B-A736-503F012866EE}.Release|Any CPU.Deploy.0 = Release|Any CPU
	EndGlobalSection
	GlobalSection(SolutionProperties) = preSolution
		HideSolutionNode = FALSE
	EndGlobalSection
	GlobalSection(ExtensibilityGlobals) = postSolution
		SolutionGuid = {88C54688-20CF-4B73-8A18-3B063C48FCD9}
	EndGlobalSection
EndGlobal
