
Microsoft Visual Studio Solution File, Format Version 12.00
# Visual Studio Version 16
VisualStudioVersion = 16.0.31112.23
MinimumVisualStudioVersion = 10.0.40219.1
Project("{FAE04EC0-301F-11D3-BF4B-00C04F79EFBC}") = "GamesAPI", "GamesAPI\GamesAPI.csproj", "{93AAAD8B-085F-4BEE-8241-0DC1FE5DFB13}"
EndProject
Global
	GlobalSection(SolutionConfigurationPlatforms) = preSolution
		Debug|Any CPU = Debug|Any CPU
		Release|Any CPU = Release|Any CPU
	EndGlobalSection
	GlobalSection(ProjectConfigurationPlatforms) = postSolution
		{93AAAD8B-085F-4BEE-8241-0DC1FE5DFB13}.Debug|Any CPU.ActiveCfg = Debug|Any CPU
		{93AAAD8B-085F-4BEE-8241-0DC1FE5DFB13}.Debug|Any CPU.Build.0 = Debug|Any CPU
		{93AAAD8B-085F-4BEE-8241-0DC1FE5DFB13}.Release|Any CPU.ActiveCfg = Release|Any CPU
		{93AAAD8B-085F-4BEE-8241-0DC1FE5DFB13}.Release|Any CPU.Build.0 = Release|Any CPU
	EndGlobalSection
	GlobalSection(SolutionProperties) = preSolution
		HideSolutionNode = FALSE
	EndGlobalSection
	GlobalSection(ExtensibilityGlobals) = postSolution
		SolutionGuid = {29D4B1C8-7516-4B6E-99E5-562A48C23DC6}
	EndGlobalSection
EndGlobal
